
Microsoft Visual Studio Solution File, Format Version 12.00
# Visual Studio 15
VisualStudioVersion = 15.0.27004.2008
MinimumVisualStudioVersion = 10.0.40219.1
Project("{FAE04EC0-301F-11D3-BF4B-00C04F79EFBC}") = "puzzCode", "puzzCode\puzzCode.csproj", "{60CC8283-8DB2-4A70-9FFB-9F097B41E4A5}"
EndProject
Global
	GlobalSection(SolutionConfigurationPlatforms) = preSolution
		Debug|Any CPU = Debug|Any CPU
		Release|Any CPU = Release|Any CPU
	EndGlobalSection
	GlobalSection(ProjectConfigurationPlatforms) = postSolution
		{60CC8283-8DB2-4A70-9FFB-9F097B41E4A5}.Debug|Any CPU.ActiveCfg = Debug|Any CPU
		{60CC8283-8DB2-4A70-9FFB-9F097B41E4A5}.Debug|Any CPU.Build.0 = Debug|Any CPU
		{60CC8283-8DB2-4A70-9FFB-9F097B41E4A5}.Release|Any CPU.ActiveCfg = Release|Any CPU
		{60CC8283-8DB2-4A70-9FFB-9F097B41E4A5}.Release|Any CPU.Build.0 = Release|Any CPU
	EndGlobalSection
	GlobalSection(SolutionProperties) = preSolution
		HideSolutionNode = FALSE
	EndGlobalSection
	GlobalSection(ExtensibilityGlobals) = postSolution
		SolutionGuid = {4264D6B2-2740-4E85-B90C-79BC75C0E897}
	EndGlobalSection
EndGlobal
